
Microsoft Visual Studio Solution File, Format Version 12.00
# Visual Studio Version 17
VisualStudioVersion = 17.0.31919.166
MinimumVisualStudioVersion = 10.0.40219.1
Project("{9A19103F-16F7-4668-BE54-9A1E7A4F7556}") = "Rocky Project", "Rocky Project\Rocky Project.csproj", "{DA57AAB2-7911-40C5-B755-4D905DE7FA9F}"
EndProject
Project("{FAE04EC0-301F-11D3-BF4B-00C04F79EFBC}") = "Rocky_Utility", "Rocky_Utility\Rocky_Utility.csproj", "{0546EEAF-D688-4CED-A8D8-5A9842933E36}"
EndProject
Project("{FAE04EC0-301F-11D3-BF4B-00C04F79EFBC}") = "Rocky_Models", "Rocky_Models\Rocky_Models.csproj", "{D1E22136-5403-4BA5-BBC5-756BAA153301}"
EndProject
Project("{FAE04EC0-301F-11D3-BF4B-00C04F79EFBC}") = "Rocky_DataAccess", "Rocky_DataAccess\Rocky_DataAccess.csproj", "{85569DBE-BC2E-4FC0-9A03-E26BF68F40E0}"
EndProject
Global
	GlobalSection(SolutionConfigurationPlatforms) = preSolution
		Debug|Any CPU = Debug|Any CPU
		Release|Any CPU = Release|Any CPU
	EndGlobalSection
	GlobalSection(ProjectConfigurationPlatforms) = postSolution
		{DA57AAB2-7911-40C5-B755-4D905DE7FA9F}.Debug|Any CPU.ActiveCfg = Debug|Any CPU
		{DA57AAB2-7911-40C5-B755-4D905DE7FA9F}.Debug|Any CPU.Build.0 = Debug|Any CPU
		{DA57AAB2-7911-40C5-B755-4D905DE7FA9F}.Release|Any CPU.ActiveCfg = Release|Any CPU
		{DA57AAB2-7911-40C5-B755-4D905DE7FA9F}.Release|Any CPU.Build.0 = Release|Any CPU
		{0546EEAF-D688-4CED-A8D8-5A9842933E36}.Debug|Any CPU.ActiveCfg = Debug|Any CPU
		{0546EEAF-D688-4CED-A8D8-5A9842933E36}.Debug|Any CPU.Build.0 = Debug|Any CPU
		{0546EEAF-D688-4CED-A8D8-5A9842933E36}.Release|Any CPU.ActiveCfg = Release|Any CPU
		{0546EEAF-D688-4CED-A8D8-5A9842933E36}.Release|Any CPU.Build.0 = Release|Any CPU
		{D1E22136-5403-4BA5-BBC5-756BAA153301}.Debug|Any CPU.ActiveCfg = Debug|Any CPU
		{D1E22136-5403-4BA5-BBC5-756BAA153301}.Debug|Any CPU.Build.0 = Debug|Any CPU
		{D1E22136-5403-4BA5-BBC5-756BAA153301}.Release|Any CPU.ActiveCfg = Release|Any CPU
		{D1E22136-5403-4BA5-BBC5-756BAA153301}.Release|Any CPU.Build.0 = Release|Any CPU
		{85569DBE-BC2E-4FC0-9A03-E26BF68F40E0}.Debug|Any CPU.ActiveCfg = Debug|Any CPU
		{85569DBE-BC2E-4FC0-9A03-E26BF68F40E0}.Debug|Any CPU.Build.0 = Debug|Any CPU
		{85569DBE-BC2E-4FC0-9A03-E26BF68F40E0}.Release|Any CPU.ActiveCfg = Release|Any CPU
		{85569DBE-BC2E-4FC0-9A03-E26BF68F40E0}.Release|Any CPU.Build.0 = Release|Any CPU
	EndGlobalSection
	GlobalSection(SolutionProperties) = preSolution
		HideSolutionNode = FALSE
	EndGlobalSection
	GlobalSection(ExtensibilityGlobals) = postSolution
		SolutionGuid = {6635F750-F4C1-481A-9F35-74F46F96B1E9}
	EndGlobalSection
EndGlobal
